
Microsoft Visual Studio Solution File, Format Version 12.00
Project("{FAE04EC0-301F-11D3-BF4B-00C04F79EFBC}") = "Deconstructor", "Deconstructor.csproj", "{AEB92C2C-66CB-4566-B9C8-B39F668EDAE9}"
EndProject
Global
	GlobalSection(SolutionConfigurationPlatforms) = preSolution
		Debug|Any CPU = Debug|Any CPU
		Release|Any CPU = Release|Any CPU
	EndGlobalSection
	GlobalSection(ProjectConfigurationPlatforms) = postSolution
		{AEB92C2C-66CB-4566-B9C8-B39F668EDAE9}.Debug|Any CPU.ActiveCfg = Debug|Any CPU
		{AEB92C2C-66CB-4566-B9C8-B39F668EDAE9}.Debug|Any CPU.Build.0 = Debug|Any CPU
		{AEB92C2C-66CB-4566-B9C8-B39F668EDAE9}.Release|Any CPU.ActiveCfg = Release|Any CPU
		{AEB92C2C-66CB-4566-B9C8-B39F668EDAE9}.Release|Any CPU.Build.0 = Release|Any CPU
	EndGlobalSection
EndGlobal
